// !$*UTF8*$!
{
	archiveVersion = 1;
	classes = {
	};
	objectVersion = 77;
	objects = {

/* Begin PBXContainerItemProxy section */
		9BE7BC682D63D75A00E2AFB1 /* PBXContainerItemProxy */ = {
			isa = PBXContainerItemProxy;
			containerPortal = 9BE7BC492D63D75900E2AFB1 /* Project object */;
			proxyType = 1;
			remoteGlobalIDString = 9BE7BC502D63D75900E2AFB1;
			remoteInfo = CoinList;
		};
		9BE7BC722D63D75A00E2AFB1 /* PBXContainerItemProxy */ = {
			isa = PBXContainerItemProxy;
			containerPortal = 9BE7BC492D63D75900E2AFB1 /* Project object */;
			proxyType = 1;
			remoteGlobalIDString = 9BE7BC502D63D75900E2AFB1;
			remoteInfo = CoinList;
		};
/* End PBXContainerItemProxy section */

/* Begin PBXFileReference section */
		9BE7BC512D63D75900E2AFB1 /* CoinList.app */ = {isa = PBXFileReference; explicitFileType = wrapper.application; includeInIndex = 0; path = CoinList.app; sourceTree = BUILT_PRODUCTS_DIR; };
		9BE7BC672D63D75A00E2AFB1 /* CoinListTests.xctest */ = {isa = PBXFileReference; explicitFileType = wrapper.cfbundle; includeInIndex = 0; path = CoinListTests.xctest; sourceTree = BUILT_PRODUCTS_DIR; };
		9BE7BC712D63D75A00E2AFB1 /* CoinListUITests.xctest */ = {isa = PBXFileReference; explicitFileType = wrapper.cfbundle; includeInIndex = 0; path = CoinListUITests.xctest; sourceTree = BUILT_PRODUCTS_DIR; };
/* End PBXFileReference section */

/* Begin PBXFileSystemSynchronizedBuildFileExceptionSet section */
		9BE7BC792D63D75A00E2AFB1 /* Exceptions for "CoinList" folder in "CoinList" target */ = {
			isa = PBXFileSystemSynchronizedBuildFileExceptionSet;
			membershipExceptions = (
				Info.plist,
			);
			target = 9BE7BC502D63D75900E2AFB1 /* CoinList */;
		};
		9BE7BCD02D653F4300E2AFB1 /* Exceptions for "CoinList" folder in "CoinListTests" target */ = {
			isa = PBXFileSystemSynchronizedBuildFileExceptionSet;
			membershipExceptions = (
				Base/Constants.swift,
				Base/Helpers/JSONHelper.swift,
				Base/Protocol/ServiceProtocol.swift,
				Base/Protocol/ViewModelProtocol.swift,
				Base/Service/ServiceError.swift,
				Features/ExchangeList/ExchangeListService.swift,
				Features/ExchangeList/ExchangeListViewModel.swift,
				Features/ExchangeList/Model/ExchangeMock.json,
				Features/ExchangeList/Model/ExchangeModel.swift,
			);
			target = 9BE7BC662D63D75A00E2AFB1 /* CoinListTests */;
		};
		9BE7BCD12D653F4300E2AFB1 /* Exceptions for "CoinList" folder in "CoinListUITests" target */ = {
			isa = PBXFileSystemSynchronizedBuildFileExceptionSet;
			membershipExceptions = (
				Base/Constants.swift,
				Base/Helpers/JSONHelper.swift,
				Base/Protocol/ServiceProtocol.swift,
				Base/Protocol/ViewModelProtocol.swift,
				Base/Service/ServiceError.swift,
				Features/ExchangeList/ExchangeListService.swift,
				Features/ExchangeList/ExchangeListViewModel.swift,
				Features/ExchangeList/Model/ExchangeMock.json,
				Features/ExchangeList/Model/ExchangeModel.swift,
			);
			target = 9BE7BC702D63D75A00E2AFB1 /* CoinListUITests */;
		};
		9BE7BCE92D65545E00E2AFB1 /* Exceptions for "CoinListTests" folder in "CoinList" target */ = {
			isa = PBXFileSystemSynchronizedBuildFileExceptionSet;
			membershipExceptions = (
				Mock/ServiceMock.swift,
			);
			target = 9BE7BC502D63D75900E2AFB1 /* CoinList */;
		};
/* End PBXFileSystemSynchronizedBuildFileExceptionSet section */

/* Begin PBXFileSystemSynchronizedRootGroup section */
		9BE7BC532D63D75900E2AFB1 /* CoinList */ = {
			isa = PBXFileSystemSynchronizedRootGroup;
			exceptions = (
				9BE7BC792D63D75A00E2AFB1 /* Exceptions for "CoinList" folder in "CoinList" target */,
				9BE7BCD02D653F4300E2AFB1 /* Exceptions for "CoinList" folder in "CoinListTests" target */,
				9BE7BCD12D653F4300E2AFB1 /* Exceptions for "CoinList" folder in "CoinListUITests" target */,
			);
			path = CoinList;
			sourceTree = "<group>";
		};
		9BE7BC6A2D63D75A00E2AFB1 /* CoinListTests */ = {
			isa = PBXFileSystemSynchronizedRootGroup;
			exceptions = (
				9BE7BCE92D65545E00E2AFB1 /* Exceptions for "CoinListTests" folder in "CoinList" target */,
			);
			path = CoinListTests;
			sourceTree = "<group>";
		};
		9BE7BC742D63D75A00E2AFB1 /* CoinListUITests */ = {
			isa = PBXFileSystemSynchronizedRootGroup;
			path = CoinListUITests;
			sourceTree = "<group>";
		};
/* End PBXFileSystemSynchronizedRootGroup section */

/* Begin PBXFrameworksBuildPhase section */
		9BE7BC4E2D63D75900E2AFB1 /* Frameworks */ = {
			isa = PBXFrameworksBuildPhase;
			buildActionMask = 2147483647;
			files = (
			);
			runOnlyForDeploymentPostprocessing = 0;
		};
		9BE7BC642D63D75A00E2AFB1 /* Frameworks */ = {
			isa = PBXFrameworksBuildPhase;
			buildActionMask = 2147483647;
			files = (
			);
			runOnlyForDeploymentPostprocessing = 0;
		};
		9BE7BC6E2D63D75A00E2AFB1 /* Frameworks */ = {
			isa = PBXFrameworksBuildPhase;
			buildActionMask = 2147483647;
			files = (
			);
			runOnlyForDeploymentPostprocessing = 0;
		};
/* End PBXFrameworksBuildPhase section */

/* Begin PBXGroup section */
		9BE7BC482D63D75900E2AFB1 = {
			isa = PBXGroup;
			children = (
				9BE7BC532D63D75900E2AFB1 /* CoinList */,
				9BE7BC6A2D63D75A00E2AFB1 /* CoinListTests */,
				9BE7BC742D63D75A00E2AFB1 /* CoinListUITests */,
				9BE7BC522D63D75900E2AFB1 /* Products */,
			);
			sourceTree = "<group>";
		};
		9BE7BC522D63D75900E2AFB1 /* Products */ = {
			isa = PBXGroup;
			children = (
				9BE7BC512D63D75900E2AFB1 /* CoinList.app */,
				9BE7BC672D63D75A00E2AFB1 /* CoinListTests.xctest */,
				9BE7BC712D63D75A00E2AFB1 /* CoinListUITests.xctest */,
			);
			name = Products;
			sourceTree = "<group>";
		};
/* End PBXGroup section */

/* Begin PBXNativeTarget section */
		9BE7BC502D63D75900E2AFB1 /* CoinList */ = {
			isa = PBXNativeTarget;
			buildConfigurationList = 9BE7BC7A2D63D75A00E2AFB1 /* Build configuration list for PBXNativeTarget "CoinList" */;
			buildPhases = (
				9BE7BC4D2D63D75900E2AFB1 /* Sources */,
				9BE7BC4E2D63D75900E2AFB1 /* Frameworks */,
				9BE7BC4F2D63D75900E2AFB1 /* Resources */,
			);
			buildRules = (
			);
			dependencies = (
			);
			fileSystemSynchronizedGroups = (
				9BE7BC532D63D75900E2AFB1 /* CoinList */,
			);
			name = CoinList;
			packageProductDependencies = (
			);
			productName = CoinList;
			productReference = 9BE7BC512D63D75900E2AFB1 /* CoinList.app */;
			productType = "com.apple.product-type.application";
		};
		9BE7BC662D63D75A00E2AFB1 /* CoinListTests */ = {
			isa = PBXNativeTarget;
			buildConfigurationList = 9BE7BC7F2D63D75A00E2AFB1 /* Build configuration list for PBXNativeTarget "CoinListTests" */;
			buildPhases = (
				9BE7BC632D63D75A00E2AFB1 /* Sources */,
				9BE7BC642D63D75A00E2AFB1 /* Frameworks */,
				9BE7BC652D63D75A00E2AFB1 /* Resources */,
			);
			buildRules = (
			);
			dependencies = (
				9BE7BC692D63D75A00E2AFB1 /* PBXTargetDependency */,
			);
			fileSystemSynchronizedGroups = (
				9BE7BC6A2D63D75A00E2AFB1 /* CoinListTests */,
			);
			name = CoinListTests;
			packageProductDependencies = (
			);
			productName = CoinListTests;
			productReference = 9BE7BC672D63D75A00E2AFB1 /* CoinListTests.xctest */;
			productType = "com.apple.product-type.bundle.unit-test";
		};
		9BE7BC702D63D75A00E2AFB1 /* CoinListUITests */ = {
			isa = PBXNativeTarget;
			buildConfigurationList = 9BE7BC822D63D75A00E2AFB1 /* Build configuration list for PBXNativeTarget "CoinListUITests" */;
			buildPhases = (
				9BE7BC6D2D63D75A00E2AFB1 /* Sources */,
				9BE7BC6E2D63D75A00E2AFB1 /* Frameworks */,
				9BE7BC6F2D63D75A00E2AFB1 /* Resources */,
			);
			buildRules = (
			);
			dependencies = (
				9BE7BC732D63D75A00E2AFB1 /* PBXTargetDependency */,
			);
			fileSystemSynchronizedGroups = (
				9BE7BC742D63D75A00E2AFB1 /* CoinListUITests */,
			);
			name = CoinListUITests;
			packageProductDependencies = (
			);
			productName = CoinListUITests;
			productReference = 9BE7BC712D63D75A00E2AFB1 /* CoinListUITests.xctest */;
			productType = "com.apple.product-type.bundle.ui-testing";
		};
/* End PBXNativeTarget section */

/* Begin PBXProject section */
		9BE7BC492D63D75900E2AFB1 /* Project object */ = {
			isa = PBXProject;
			attributes = {
				BuildIndependentTargetsInParallel = 1;
				LastSwiftUpdateCheck = 1620;
				LastUpgradeCheck = 1620;
				TargetAttributes = {
					9BE7BC502D63D75900E2AFB1 = {
						CreatedOnToolsVersion = 16.2;
					};
					9BE7BC662D63D75A00E2AFB1 = {
						CreatedOnToolsVersion = 16.2;
						TestTargetID = 9BE7BC502D63D75900E2AFB1;
					};
					9BE7BC702D63D75A00E2AFB1 = {
						CreatedOnToolsVersion = 16.2;
						TestTargetID = 9BE7BC502D63D75900E2AFB1;
					};
				};
			};
			buildConfigurationList = 9BE7BC4C2D63D75900E2AFB1 /* Build configuration list for PBXProject "CoinList" */;
			developmentRegion = en;
			hasScannedForEncodings = 0;
			knownRegions = (
				en,
				Base,
			);
			mainGroup = 9BE7BC482D63D75900E2AFB1;
			minimizedProjectReferenceProxies = 1;
			preferredProjectObjectVersion = 77;
			productRefGroup = 9BE7BC522D63D75900E2AFB1 /* Products */;
			projectDirPath = "";
			projectRoot = "";
			targets = (
				9BE7BC502D63D75900E2AFB1 /* CoinList */,
				9BE7BC662D63D75A00E2AFB1 /* CoinListTests */,
				9BE7BC702D63D75A00E2AFB1 /* CoinListUITests */,
			);
		};
/* End PBXProject section */

/* Begin PBXResourcesBuildPhase section */
		9BE7BC4F2D63D75900E2AFB1 /* Resources */ = {
			isa = PBXResourcesBuildPhase;
			buildActionMask = 2147483647;
			files = (
			);
			runOnlyForDeploymentPostprocessing = 0;
		};
		9BE7BC652D63D75A00E2AFB1 /* Resources */ = {
			isa = PBXResourcesBuildPhase;
			buildActionMask = 2147483647;
			files = (
			);
			runOnlyForDeploymentPostprocessing = 0;
		};
		9BE7BC6F2D63D75A00E2AFB1 /* Resources */ = {
			isa = PBXResourcesBuildPhase;
			buildActionMask = 2147483647;
			files = (
			);
			runOnlyForDeploymentPostprocessing = 0;
		};
/* End PBXResourcesBuildPhase section */

/* Begin PBXSourcesBuildPhase section */
		9BE7BC4D2D63D75900E2AFB1 /* Sources */ = {
			isa = PBXSourcesBuildPhase;
			buildActionMask = 2147483647;
			files = (
			);
			runOnlyForDeploymentPostprocessing = 0;
		};
		9BE7BC632D63D75A00E2AFB1 /* Sources */ = {
			isa = PBXSourcesBuildPhase;
			buildActionMask = 2147483647;
			files = (
			);
			runOnlyForDeploymentPostprocessing = 0;
		};
		9BE7BC6D2D63D75A00E2AFB1 /* Sources */ = {
			isa = PBXSourcesBuildPhase;
			buildActionMask = 2147483647;
			files = (
			);
			runOnlyForDeploymentPostprocessing = 0;
		};
/* End PBXSourcesBuildPhase section */

/* Begin PBXTargetDependency section */
		9BE7BC692D63D75A00E2AFB1 /* PBXTargetDependency */ = {
			isa = PBXTargetDependency;
			target = 9BE7BC502D63D75900E2AFB1 /* CoinList */;
			targetProxy = 9BE7BC682D63D75A00E2AFB1 /* PBXContainerItemProxy */;
		};
		9BE7BC732D63D75A00E2AFB1 /* PBXTargetDependency */ = {
			isa = PBXTargetDependency;
			target = 9BE7BC502D63D75900E2AFB1 /* CoinList */;
			targetProxy = 9BE7BC722D63D75A00E2AFB1 /* PBXContainerItemProxy */;
		};
/* End PBXTargetDependency section */

/* Begin XCBuildConfiguration section */
		9BE7BC7B2D63D75A00E2AFB1 /* Debug */ = {
			isa = XCBuildConfiguration;
			buildSettings = {
				ASSETCATALOG_COMPILER_APPICON_NAME = AppIcon;
				ASSETCATALOG_COMPILER_GLOBAL_ACCENT_COLOR_NAME = AccentColor;
				CODE_SIGN_STYLE = Automatic;
				CURRENT_PROJECT_VERSION = 1;
				DEVELOPMENT_TEAM = HQ726C768Z;
				GENERATE_INFOPLIST_FILE = YES;
				INFOPLIST_FILE = CoinList/Info.plist;
				INFOPLIST_KEY_UIApplicationSupportsIndirectInputEvents = YES;
				INFOPLIST_KEY_UILaunchStoryboardName = LaunchScreen;
				INFOPLIST_KEY_UIMainStoryboardFile = "";
				INFOPLIST_KEY_UISupportedInterfaceOrientations_iPad = "UIInterfaceOrientationPortrait UIInterfaceOrientationPortraitUpsideDown UIInterfaceOrientationLandscapeLeft UIInterfaceOrientationLandscapeRight";
				INFOPLIST_KEY_UISupportedInterfaceOrientations_iPhone = "UIInterfaceOrientationPortrait UIInterfaceOrientationLandscapeLeft UIInterfaceOrientationLandscapeRight";
				LD_RUNPATH_SEARCH_PATHS = (
					"$(inherited)",
					"@executable_path/Frameworks",
				);
				MARKETING_VERSION = 1.0;
				PRODUCT_BUNDLE_IDENTIFIER = br.com.mobila.CoinList;
				PRODUCT_NAME = "$(TARGET_NAME)";
				SWIFT_EMIT_LOC_STRINGS = YES;
				SWIFT_VERSION = 5.0;
				TARGETED_DEVICE_FAMILY = "1,2";
			};
			name = Debug;
		};
		9BE7BC7C2D63D75A00E2AFB1 /* Release */ = {
			isa = XCBuildConfiguration;
			buildSettings = {
				ASSETCATALOG_COMPILER_APPICON_NAME = AppIcon;
				ASSETCATALOG_COMPILER_GLOBAL_ACCENT_COLOR_NAME = AccentColor;
				CODE_SIGN_STYLE = Automatic;
				CURRENT_PROJECT_VERSION = 1;
				DEVELOPMENT_TEAM = HQ726C768Z;
				GENERATE_INFOPLIST_FILE = YES;
				INFOPLIST_FILE = CoinList/Info.plist;
				INFOPLIST_KEY_UIApplicationSupportsIndirectInputEvents = YES;
				INFOPLIST_KEY_UILaunchStoryboardName = LaunchScreen;
				INFOPLIST_KEY_UIMainStoryboardFile = "";
				INFOPLIST_KEY_UISupportedInterfaceOrientations_iPad = "UIInterfaceOrientationPortrait UIInterfaceOrientationPortraitUpsideDown UIInterfaceOrientationLandscapeLeft UIInterfaceOrientationLandscapeRight";
				INFOPLIST_KEY_UISupportedInterfaceOrientations_iPhone = "UIInterfaceOrientationPortrait UIInterfaceOrientationLandscapeLeft UIInterfaceOrientationLandscapeRight";
				LD_RUNPATH_SEARCH_PATHS = (
					"$(inherited)",
					"@executable_path/Frameworks",
				);
				MARKETING_VERSION = 1.0;
				PRODUCT_BUNDLE_IDENTIFIER = br.com.mobila.CoinList;
				PRODUCT_NAME = "$(TARGET_NAME)";
				SWIFT_EMIT_LOC_STRINGS = YES;
				SWIFT_VERSION = 5.0;
				TARGETED_DEVICE_FAMILY = "1,2";
			};
			name = Release;
		};
		9BE7BC7D2D63D75A00E2AFB1 /* Debug */ = {
			isa = XCBuildConfiguration;
			buildSettings = {
				ALWAYS_SEARCH_USER_PATHS = NO;
				ASSETCATALOG_COMPILER_GENERATE_SWIFT_ASSET_SYMBOL_EXTENSIONS = YES;
				CLANG_ANALYZER_NONNULL = YES;
				CLANG_ANALYZER_NUMBER_OBJECT_CONVERSION = YES_AGGRESSIVE;
				CLANG_CXX_LANGUAGE_STANDARD = "gnu++20";
				CLANG_ENABLE_MODULES = YES;
				CLANG_ENABLE_OBJC_ARC = YES;
				CLANG_ENABLE_OBJC_WEAK = YES;
				CLANG_WARN_BLOCK_CAPTURE_AUTORELEASING = YES;
				CLANG_WARN_BOOL_CONVERSION = YES;
				CLANG_WARN_COMMA = YES;
				CLANG_WARN_CONSTANT_CONVERSION = YES;
				CLANG_WARN_DEPRECATED_OBJC_IMPLEMENTATIONS = YES;
				CLANG_WARN_DIRECT_OBJC_ISA_USAGE = YES_ERROR;
				CLANG_WARN_DOCUMENTATION_COMMENTS = YES;
				CLANG_WARN_EMPTY_BODY = YES;
				CLANG_WARN_ENUM_CONVERSION = YES;
				CLANG_WARN_INFINITE_RECURSION = YES;
				CLANG_WARN_INT_CONVERSION = YES;
				CLANG_WARN_NON_LITERAL_NULL_CONVERSION = YES;
				CLANG_WARN_OBJC_IMPLICIT_RETAIN_SELF = YES;
				CLANG_WARN_OBJC_LITERAL_CONVERSION = YES;
				CLANG_WARN_OBJC_ROOT_CLASS = YES_ERROR;
				CLANG_WARN_QUOTED_INCLUDE_IN_FRAMEWORK_HEADER = YES;
				CLANG_WARN_RANGE_LOOP_ANALYSIS = YES;
				CLANG_WARN_STRICT_PROTOTYPES = YES;
				CLANG_WARN_SUSPICIOUS_MOVE = YES;
				CLANG_WARN_UNGUARDED_AVAILABILITY = YES_AGGRESSIVE;
				CLANG_WARN_UNREACHABLE_CODE = YES;
				CLANG_WARN__DUPLICATE_METHOD_MATCH = YES;
				COPY_PHASE_STRIP = NO;
				DEBUG_INFORMATION_FORMAT = dwarf;
				ENABLE_STRICT_OBJC_MSGSEND = YES;
				ENABLE_TESTABILITY = YES;
				ENABLE_USER_SCRIPT_SANDBOXING = YES;
				GCC_C_LANGUAGE_STANDARD = gnu17;
				GCC_DYNAMIC_NO_PIC = NO;
				GCC_NO_COMMON_BLOCKS = YES;
				GCC_OPTIMIZATION_LEVEL = 0;
				GCC_PREPROCESSOR_DEFINITIONS = (
					"DEBUG=1",
					"$(inherited)",
				);
				GCC_WARN_64_TO_32_BIT_CONVERSION = YES;
				GCC_WARN_ABOUT_RETURN_TYPE = YES_ERROR;
				GCC_WARN_UNDECLARED_SELECTOR = YES;
				GCC_WARN_UNINITIALIZED_AUTOS = YES_AGGRESSIVE;
				GCC_WARN_UNUSED_FUNCTION = YES;
				GCC_WARN_UNUSED_VARIABLE = YES;
				IPHONEOS_DEPLOYMENT_TARGET = 18.2;
				LOCALIZATION_PREFERS_STRING_CATALOGS = YES;
				MTL_ENABLE_DEBUG_INFO = INCLUDE_SOURCE;
				MTL_FAST_MATH = YES;
				ONLY_ACTIVE_ARCH = YES;
				SDKROOT = iphoneos;
				SWIFT_ACTIVE_COMPILATION_CONDITIONS = "DEBUG $(inherited)";
				SWIFT_OPTIMIZATION_LEVEL = "-Onone";
			};
			name = Debug;
		};
		9BE7BC7E2D63D75A00E2AFB1 /* Release */ = {
			isa = XCBuildConfiguration;
			buildSettings = {
				ALWAYS_SEARCH_USER_PATHS = NO;
				ASSETCATALOG_COMPILER_GENERATE_SWIFT_ASSET_SYMBOL_EXTENSIONS = YES;
				CLANG_ANALYZER_NONNULL = YES;
				CLANG_ANALYZER_NUMBER_OBJECT_CONVERSION = YES_AGGRESSIVE;
				CLANG_CXX_LANGUAGE_STANDARD = "gnu++20";
				CLANG_ENABLE_MODULES = YES;
				CLANG_ENABLE_OBJC_ARC = YES;
				CLANG_ENABLE_OBJC_WEAK = YES;
				CLANG_WARN_BLOCK_CAPTURE_AUTORELEASING = YES;
				CLANG_WARN_BOOL_CONVERSION = YES;
				CLANG_WARN_COMMA = YES;
				CLANG_WARN_CONSTANT_CONVERSION = YES;
				CLANG_WARN_DEPRECATED_OBJC_IMPLEMENTATIONS = YES;
				CLANG_WARN_DIRECT_OBJC_ISA_USAGE = YES_ERROR;
				CLANG_WARN_DOCUMENTATION_COMMENTS = YES;
				CLANG_WARN_EMPTY_BODY = YES;
				CLANG_WARN_ENUM_CONVERSION = YES;
				CLANG_WARN_INFINITE_RECURSION = YES;
				CLANG_WARN_INT_CONVERSION = YES;
				CLANG_WARN_NON_LITERAL_NULL_CONVERSION = YES;
				CLANG_WARN_OBJC_IMPLICIT_RETAIN_SELF = YES;
				CLANG_WARN_OBJC_LITERAL_CONVERSION = YES;
				CLANG_WARN_OBJC_ROOT_CLASS = YES_ERROR;
				CLANG_WARN_QUOTED_INCLUDE_IN_FRAMEWORK_HEADER = YES;
				CLANG_WARN_RANGE_LOOP_ANALYSIS = YES;
				CLANG_WARN_STRICT_PROTOTYPES = YES;
				CLANG_WARN_SUSPICIOUS_MOVE = YES;
				CLANG_WARN_UNGUARDED_AVAILABILITY = YES_AGGRESSIVE;
				CLANG_WARN_UNREACHABLE_CODE = YES;
				CLANG_WARN__DUPLICATE_METHOD_MATCH = YES;
				COPY_PHASE_STRIP = NO;
				DEBUG_INFORMATION_FORMAT = "dwarf-with-dsym";
				ENABLE_NS_ASSERTIONS = NO;
				ENABLE_STRICT_OBJC_MSGSEND = YES;
				ENABLE_USER_SCRIPT_SANDBOXING = YES;
				GCC_C_LANGUAGE_STANDARD = gnu17;
				GCC_NO_COMMON_BLOCKS = YES;
				GCC_WARN_64_TO_32_BIT_CONVERSION = YES;
				GCC_WARN_ABOUT_RETURN_TYPE = YES_ERROR;
				GCC_WARN_UNDECLARED_SELECTOR = YES;
				GCC_WARN_UNINITIALIZED_AUTOS = YES_AGGRESSIVE;
				GCC_WARN_UNUSED_FUNCTION = YES;
				GCC_WARN_UNUSED_VARIABLE = YES;
				IPHONEOS_DEPLOYMENT_TARGET = 18.2;
				LOCALIZATION_PREFERS_STRING_CATALOGS = YES;
				MTL_ENABLE_DEBUG_INFO = NO;
				MTL_FAST_MATH = YES;
				SDKROOT = iphoneos;
				SWIFT_COMPILATION_MODE = wholemodule;
				VALIDATE_PRODUCT = YES;
			};
			name = Release;
		};
		9BE7BC802D63D75A00E2AFB1 /* Debug */ = {
			isa = XCBuildConfiguration;
			buildSettings = {
				BUNDLE_LOADER = "$(TEST_HOST)";
				CODE_SIGN_STYLE = Automatic;
				CURRENT_PROJECT_VERSION = 1;
				DEVELOPMENT_TEAM = HQ726C768Z;
				GENERATE_INFOPLIST_FILE = YES;
				IPHONEOS_DEPLOYMENT_TARGET = 18.2;
				MARKETING_VERSION = 1.0;
				PRODUCT_BUNDLE_IDENTIFIER = br.com.mobila.CoinListTests;
				PRODUCT_NAME = "$(TARGET_NAME)";
				SWIFT_EMIT_LOC_STRINGS = NO;
				SWIFT_VERSION = 5.0;
				TARGETED_DEVICE_FAMILY = "1,2";
				TEST_HOST = "$(BUILT_PRODUCTS_DIR)/CoinList.app/$(BUNDLE_EXECUTABLE_FOLDER_PATH)/CoinList";
			};
			name = Debug;
		};
		9BE7BC812D63D75A00E2AFB1 /* Release */ = {
			isa = XCBuildConfiguration;
			buildSettings = {
				BUNDLE_LOADER = "$(TEST_HOST)";
				CODE_SIGN_STYLE = Automatic;
				CURRENT_PROJECT_VERSION = 1;
				DEVELOPMENT_TEAM = HQ726C768Z;
				GENERATE_INFOPLIST_FILE = YES;
				IPHONEOS_DEPLOYMENT_TARGET = 18.2;
				MARKETING_VERSION = 1.0;
				PRODUCT_BUNDLE_IDENTIFIER = br.com.mobila.CoinListTests;
				PRODUCT_NAME = "$(TARGET_NAME)";
				SWIFT_EMIT_LOC_STRINGS = NO;
				SWIFT_VERSION = 5.0;
				TARGETED_DEVICE_FAMILY = "1,2";
				TEST_HOST = "$(BUILT_PRODUCTS_DIR)/CoinList.app/$(BUNDLE_EXECUTABLE_FOLDER_PATH)/CoinList";
			};
			name = Release;
		};
		9BE7BC832D63D75A00E2AFB1 /* Debug */ = {
			isa = XCBuildConfiguration;
			buildSettings = {
				CODE_SIGN_STYLE = Automatic;
				CURRENT_PROJECT_VERSION = 1;
				DEVELOPMENT_TEAM = HQ726C768Z;
				GENERATE_INFOPLIST_FILE = YES;
				MARKETING_VERSION = 1.0;
				PRODUCT_BUNDLE_IDENTIFIER = br.com.mobila.CoinListUITests;
				PRODUCT_NAME = "$(TARGET_NAME)";
				SWIFT_EMIT_LOC_STRINGS = NO;
				SWIFT_VERSION = 5.0;
				TARGETED_DEVICE_FAMILY = "1,2";
				TEST_TARGET_NAME = CoinList;
			};
			name = Debug;
		};
		9BE7BC842D63D75A00E2AFB1 /* Release */ = {
			isa = XCBuildConfiguration;
			buildSettings = {
				CODE_SIGN_STYLE = Automatic;
				CURRENT_PROJECT_VERSION = 1;
				DEVELOPMENT_TEAM = HQ726C768Z;
				GENERATE_INFOPLIST_FILE = YES;
				MARKETING_VERSION = 1.0;
				PRODUCT_BUNDLE_IDENTIFIER = br.com.mobila.CoinListUITests;
				PRODUCT_NAME = "$(TARGET_NAME)";
				SWIFT_EMIT_LOC_STRINGS = NO;
				SWIFT_VERSION = 5.0;
				TARGETED_DEVICE_FAMILY = "1,2";
				TEST_TARGET_NAME = CoinList;
			};
			name = Release;
		};
/* End XCBuildConfiguration section */

/* Begin XCConfigurationList section */
		9BE7BC4C2D63D75900E2AFB1 /* Build configuration list for PBXProject "CoinList" */ = {
			isa = XCConfigurationList;
			buildConfigurations = (
				9BE7BC7D2D63D75A00E2AFB1 /* Debug */,
				9BE7BC7E2D63D75A00E2AFB1 /* Release */,
			);
			defaultConfigurationIsVisible = 0;
			defaultConfigurationName = Release;
		};
		9BE7BC7A2D63D75A00E2AFB1 /* Build configuration list for PBXNativeTarget "CoinList" */ = {
			isa = XCConfigurationList;
			buildConfigurations = (
				9BE7BC7B2D63D75A00E2AFB1 /* Debug */,
				9BE7BC7C2D63D75A00E2AFB1 /* Release */,
			);
			defaultConfigurationIsVisible = 0;
			defaultConfigurationName = Release;
		};
		9BE7BC7F2D63D75A00E2AFB1 /* Build configuration list for PBXNativeTarget "CoinListTests" */ = {
			isa = XCConfigurationList;
			buildConfigurations = (
				9BE7BC802D63D75A00E2AFB1 /* Debug */,
				9BE7BC812D63D75A00E2AFB1 /* Release */,
			);
			defaultConfigurationIsVisible = 0;
			defaultConfigurationName = Release;
		};
		9BE7BC822D63D75A00E2AFB1 /* Build configuration list for PBXNativeTarget "CoinListUITests" */ = {
			isa = XCConfigurationList;
			buildConfigurations = (
				9BE7BC832D63D75A00E2AFB1 /* Debug */,
				9BE7BC842D63D75A00E2AFB1 /* Release */,
			);
			defaultConfigurationIsVisible = 0;
			defaultConfigurationName = Release;
		};
/* End XCConfigurationList section */
	};
	rootObject = 9BE7BC492D63D75900E2AFB1 /* Project object */;
}
